// !$*UTF8*$!
{
	archiveVersion = 1;
	classes = {
	};
	objectVersion = 56;
	objects = {

/* Begin PBXBuildFile section */
		D8903EE32A827FBB0057BF9C /* NewsListAppApp.swift in Sources */ = {isa = PBXBuildFile; fileRef = D8903EE22A827FBB0057BF9C /* NewsListAppApp.swift */; };
		D8903EE52A827FBB0057BF9C /* ContentView.swift in Sources */ = {isa = PBXBuildFile; fileRef = D8903EE42A827FBB0057BF9C /* ContentView.swift */; };
		D8903EE72A827FBD0057BF9C /* Assets.xcassets in Resources */ = {isa = PBXBuildFile; fileRef = D8903EE62A827FBD0057BF9C /* Assets.xcassets */; };
		D8903EEA2A827FBD0057BF9C /* Preview Assets.xcassets in Resources */ = {isa = PBXBuildFile; fileRef = D8903EE92A827FBD0057BF9C /* Preview Assets.xcassets */; };
		D8903EEF2A827FBD0057BF9C /* NewsListApp.xcdatamodeld in Sources */ = {isa = PBXBuildFile; fileRef = D8903EED2A827FBD0057BF9C /* NewsListApp.xcdatamodeld */; };
		D8903EF92A8280470057BF9C /* RestToCoreDataService.swift in Sources */ = {isa = PBXBuildFile; fileRef = D8903EF82A8280470057BF9C /* RestToCoreDataService.swift */; };
		D8903EFB2A8280520057BF9C /* Persistance.swift in Sources */ = {isa = PBXBuildFile; fileRef = D8903EFA2A8280520057BF9C /* Persistance.swift */; };
		D8903EFD2A8280C10057BF9C /* DynamicFilteredView.swift in Sources */ = {isa = PBXBuildFile; fileRef = D8903EFC2A8280C10057BF9C /* DynamicFilteredView.swift */; };
		D8903EFF2A8280D80057BF9C /* NewsItem.swift in Sources */ = {isa = PBXBuildFile; fileRef = D8903EFE2A8280D80057BF9C /* NewsItem.swift */; };
		D8903F012A8281020057BF9C /* NewsItemArray.swift in Sources */ = {isa = PBXBuildFile; fileRef = D8903F002A8281020057BF9C /* NewsItemArray.swift */; };
		D8903F032A828AAE0057BF9C /* Constants.swift in Sources */ = {isa = PBXBuildFile; fileRef = D8903F022A828AAE0057BF9C /* Constants.swift */; };
		D8903F062A828D960057BF9C /* ContentViewViewModel.swift in Sources */ = {isa = PBXBuildFile; fileRef = D8903F052A828D960057BF9C /* ContentViewViewModel.swift */; };
		D8903F0D2A85132E0057BF9C /* DetailesView.swift in Sources */ = {isa = PBXBuildFile; fileRef = D8903F0C2A85132E0057BF9C /* DetailesView.swift */; };
/* End PBXBuildFile section */

/* Begin PBXFileReference section */
		D8903EDF2A827FBB0057BF9C /* NewsListApp.app */ = {isa = PBXFileReference; explicitFileType = wrapper.application; includeInIndex = 0; path = NewsListApp.app; sourceTree = BUILT_PRODUCTS_DIR; };
		D8903EE22A827FBB0057BF9C /* NewsListAppApp.swift */ = {isa = PBXFileReference; lastKnownFileType = sourcecode.swift; path = NewsListAppApp.swift; sourceTree = "<group>"; };
		D8903EE42A827FBB0057BF9C /* ContentView.swift */ = {isa = PBXFileReference; lastKnownFileType = sourcecode.swift; path = ContentView.swift; sourceTree = "<group>"; };
		D8903EE62A827FBD0057BF9C /* Assets.xcassets */ = {isa = PBXFileReference; lastKnownFileType = folder.assetcatalog; path = Assets.xcassets; sourceTree = "<group>"; };
		D8903EE92A827FBD0057BF9C /* Preview Assets.xcassets */ = {isa = PBXFileReference; lastKnownFileType = folder.assetcatalog; path = "Preview Assets.xcassets"; sourceTree = "<group>"; };
		D8903EEE2A827FBD0057BF9C /* NewsListApp.xcdatamodel */ = {isa = PBXFileReference; lastKnownFileType = wrapper.xcdatamodel; path = NewsListApp.xcdatamodel; sourceTree = "<group>"; };
		D8903EF82A8280470057BF9C /* RestToCoreDataService.swift */ = {isa = PBXFileReference; lastKnownFileType = sourcecode.swift; path = RestToCoreDataService.swift; sourceTree = "<group>"; };
		D8903EFA2A8280520057BF9C /* Persistance.swift */ = {isa = PBXFileReference; lastKnownFileType = sourcecode.swift; path = Persistance.swift; sourceTree = "<group>"; };
		D8903EFC2A8280C10057BF9C /* DynamicFilteredView.swift */ = {isa = PBXFileReference; lastKnownFileType = sourcecode.swift; path = DynamicFilteredView.swift; sourceTree = "<group>"; };
		D8903EFE2A8280D80057BF9C /* NewsItem.swift */ = {isa = PBXFileReference; lastKnownFileType = sourcecode.swift; path = NewsItem.swift; sourceTree = "<group>"; };
		D8903F002A8281020057BF9C /* NewsItemArray.swift */ = {isa = PBXFileReference; lastKnownFileType = sourcecode.swift; path = NewsItemArray.swift; sourceTree = "<group>"; };
		D8903F022A828AAE0057BF9C /* Constants.swift */ = {isa = PBXFileReference; lastKnownFileType = sourcecode.swift; path = Constants.swift; sourceTree = "<group>"; };
		D8903F052A828D960057BF9C /* ContentViewViewModel.swift */ = {isa = PBXFileReference; lastKnownFileType = sourcecode.swift; path = ContentViewViewModel.swift; sourceTree = "<group>"; };
		D8903F0C2A85132E0057BF9C /* DetailesView.swift */ = {isa = PBXFileReference; lastKnownFileType = sourcecode.swift; path = DetailesView.swift; sourceTree = "<group>"; };
/* End PBXFileReference section */

/* Begin PBXFrameworksBuildPhase section */
		D8903EDC2A827FBB0057BF9C /* Frameworks */ = {
			isa = PBXFrameworksBuildPhase;
			buildActionMask = 2147483647;
			files = (
			);
			runOnlyForDeploymentPostprocessing = 0;
		};
/* End PBXFrameworksBuildPhase section */

/* Begin PBXGroup section */
		D8903ED62A827FBB0057BF9C = {
			isa = PBXGroup;
			children = (
				D8903EE12A827FBB0057BF9C /* NewsListApp */,
				D8903EE02A827FBB0057BF9C /* Products */,
			);
			sourceTree = "<group>";
		};
		D8903EE02A827FBB0057BF9C /* Products */ = {
			isa = PBXGroup;
			children = (
				D8903EDF2A827FBB0057BF9C /* NewsListApp.app */,
			);
			name = Products;
			sourceTree = "<group>";
		};
		D8903EE12A827FBB0057BF9C /* NewsListApp */ = {
			isa = PBXGroup;
			children = (
				D8903EF72A8280330057BF9C /* Model */,
				D8903EF62A8280290057BF9C /* View */,
				D8903F042A828D790057BF9C /* ViewModel */,
				D8903EF52A8280190057BF9C /* Helpers */,
				D8903EE22A827FBB0057BF9C /* NewsListAppApp.swift */,
				D8903EE42A827FBB0057BF9C /* ContentView.swift */,
				D8903EE62A827FBD0057BF9C /* Assets.xcassets */,
				D8903EED2A827FBD0057BF9C /* NewsListApp.xcdatamodeld */,
				D8903EE82A827FBD0057BF9C /* Preview Content */,
			);
			path = NewsListApp;
			sourceTree = "<group>";
		};
		D8903EE82A827FBD0057BF9C /* Preview Content */ = {
			isa = PBXGroup;
			children = (
				D8903EE92A827FBD0057BF9C /* Preview Assets.xcassets */,
			);
			path = "Preview Content";
			sourceTree = "<group>";
		};
		D8903EF52A8280190057BF9C /* Helpers */ = {
			isa = PBXGroup;
			children = (
				D8903EF82A8280470057BF9C /* RestToCoreDataService.swift */,
				D8903EFA2A8280520057BF9C /* Persistance.swift */,
				D8903F022A828AAE0057BF9C /* Constants.swift */,
			);
			path = Helpers;
			sourceTree = "<group>";
		};
		D8903EF62A8280290057BF9C /* View */ = {
			isa = PBXGroup;
			children = (
				D8903EFC2A8280C10057BF9C /* DynamicFilteredView.swift */,
				D8903F0C2A85132E0057BF9C /* DetailesView.swift */,
			);
			path = View;
			sourceTree = "<group>";
		};
		D8903EF72A8280330057BF9C /* Model */ = {
			isa = PBXGroup;
			children = (
				D8903EFE2A8280D80057BF9C /* NewsItem.swift */,
				D8903F002A8281020057BF9C /* NewsItemArray.swift */,
			);
			path = Model;
			sourceTree = "<group>";
		};
		D8903F042A828D790057BF9C /* ViewModel */ = {
			isa = PBXGroup;
			children = (
				D8903F052A828D960057BF9C /* ContentViewViewModel.swift */,
			);
			path = ViewModel;
			sourceTree = "<group>";
		};
/* End PBXGroup section */

/* Begin PBXNativeTarget section */
		D8903EDE2A827FBB0057BF9C /* NewsListApp */ = {
			isa = PBXNativeTarget;
			buildConfigurationList = D8903EF22A827FBD0057BF9C /* Build configuration list for PBXNativeTarget "NewsListApp" */;
			buildPhases = (
				D8903EDB2A827FBB0057BF9C /* Sources */,
				D8903EDC2A827FBB0057BF9C /* Frameworks */,
				D8903EDD2A827FBB0057BF9C /* Resources */,
			);
			buildRules = (
			);
			dependencies = (
			);
			name = NewsListApp;
			productName = NewsListApp;
			productReference = D8903EDF2A827FBB0057BF9C /* NewsListApp.app */;
			productType = "com.apple.product-type.application";
		};
/* End PBXNativeTarget section */

/* Begin PBXProject section */
		D8903ED72A827FBB0057BF9C /* Project object */ = {
			isa = PBXProject;
			attributes = {
				BuildIndependentTargetsInParallel = 1;
				LastSwiftUpdateCheck = 1430;
				LastUpgradeCheck = 1430;
				TargetAttributes = {
					D8903EDE2A827FBB0057BF9C = {
						CreatedOnToolsVersion = 14.3.1;
					};
				};
			};
			buildConfigurationList = D8903EDA2A827FBB0057BF9C /* Build configuration list for PBXProject "NewsListApp" */;
			compatibilityVersion = "Xcode 14.0";
			developmentRegion = en;
			hasScannedForEncodings = 0;
			knownRegions = (
				en,
				Base,
			);
			mainGroup = D8903ED62A827FBB0057BF9C;
			productRefGroup = D8903EE02A827FBB0057BF9C /* Products */;
			projectDirPath = "";
			projectRoot = "";
			targets = (
				D8903EDE2A827FBB0057BF9C /* NewsListApp */,
			);
		};
/* End PBXProject section */

/* Begin PBXResourcesBuildPhase section */
		D8903EDD2A827FBB0057BF9C /* Resources */ = {
			isa = PBXResourcesBuildPhase;
			buildActionMask = 2147483647;
			files = (
				D8903EEA2A827FBD0057BF9C /* Preview Assets.xcassets in Resources */,
				D8903EE72A827FBD0057BF9C /* Assets.xcassets in Resources */,
			);
			runOnlyForDeploymentPostprocessing = 0;
		};
/* End PBXResourcesBuildPhase section */

/* Begin PBXSourcesBuildPhase section */
		D8903EDB2A827FBB0057BF9C /* Sources */ = {
			isa = PBXSourcesBuildPhase;
			buildActionMask = 2147483647;
			files = (
				D8903F012A8281020057BF9C /* NewsItemArray.swift in Sources */,
				D8903EF92A8280470057BF9C /* RestToCoreDataService.swift in Sources */,
				D8903EFD2A8280C10057BF9C /* DynamicFilteredView.swift in Sources */,
				D8903EFF2A8280D80057BF9C /* NewsItem.swift in Sources */,
				D8903EE52A827FBB0057BF9C /* ContentView.swift in Sources */,
				D8903EEF2A827FBD0057BF9C /* NewsListApp.xcdatamodeld in Sources */,
				D8903EE32A827FBB0057BF9C /* NewsListAppApp.swift in Sources */,
				D8903EFB2A8280520057BF9C /* Persistance.swift in Sources */,
				D8903F032A828AAE0057BF9C /* Constants.swift in Sources */,
				D8903F062A828D960057BF9C /* ContentViewViewModel.swift in Sources */,
				D8903F0D2A85132E0057BF9C /* DetailesView.swift in Sources */,
			);
			runOnlyForDeploymentPostprocessing = 0;
		};
/* End PBXSourcesBuildPhase section */

/* Begin XCBuildConfiguration section */
		D8903EF02A827FBD0057BF9C /* Debug */ = {
			isa = XCBuildConfiguration;
			buildSettings = {
				ALWAYS_SEARCH_USER_PATHS = NO;
				CLANG_ANALYZER_NONNULL = YES;
				CLANG_ANALYZER_NUMBER_OBJECT_CONVERSION = YES_AGGRESSIVE;
				CLANG_CXX_LANGUAGE_STANDARD = "gnu++20";
				CLANG_ENABLE_MODULES = YES;
				CLANG_ENABLE_OBJC_ARC = YES;
				CLANG_ENABLE_OBJC_WEAK = YES;
				CLANG_WARN_BLOCK_CAPTURE_AUTORELEASING = YES;
				CLANG_WARN_BOOL_CONVERSION = YES;
				CLANG_WARN_COMMA = YES;
				CLANG_WARN_CONSTANT_CONVERSION = YES;
				CLANG_WARN_DEPRECATED_OBJC_IMPLEMENTATIONS = YES;
				CLANG_WARN_DIRECT_OBJC_ISA_USAGE = YES_ERROR;
				CLANG_WARN_DOCUMENTATION_COMMENTS = YES;
				CLANG_WARN_EMPTY_BODY = YES;
				CLANG_WARN_ENUM_CONVERSION = YES;
				CLANG_WARN_INFINITE_RECURSION = YES;
				CLANG_WARN_INT_CONVERSION = YES;
				CLANG_WARN_NON_LITERAL_NULL_CONVERSION = YES;
				CLANG_WARN_OBJC_IMPLICIT_RETAIN_SELF = YES;
				CLANG_WARN_OBJC_LITERAL_CONVERSION = YES;
				CLANG_WARN_OBJC_ROOT_CLASS = YES_ERROR;
				CLANG_WARN_QUOTED_INCLUDE_IN_FRAMEWORK_HEADER = YES;
				CLANG_WARN_RANGE_LOOP_ANALYSIS = YES;
				CLANG_WARN_STRICT_PROTOTYPES = YES;
				CLANG_WARN_SUSPICIOUS_MOVE = YES;
				CLANG_WARN_UNGUARDED_AVAILABILITY = YES_AGGRESSIVE;
				CLANG_WARN_UNREACHABLE_CODE = YES;
				CLANG_WARN__DUPLICATE_METHOD_MATCH = YES;
				COPY_PHASE_STRIP = NO;
				DEBUG_INFORMATION_FORMAT = dwarf;
				ENABLE_STRICT_OBJC_MSGSEND = YES;
				ENABLE_TESTABILITY = YES;
				GCC_C_LANGUAGE_STANDARD = gnu11;
				GCC_DYNAMIC_NO_PIC = NO;
				GCC_NO_COMMON_BLOCKS = YES;
				GCC_OPTIMIZATION_LEVEL = 0;
				GCC_PREPROCESSOR_DEFINITIONS = (
					"DEBUG=1",
					"$(inherited)",
				);
				GCC_WARN_64_TO_32_BIT_CONVERSION = YES;
				GCC_WARN_ABOUT_RETURN_TYPE = YES_ERROR;
				GCC_WARN_UNDECLARED_SELECTOR = YES;
				GCC_WARN_UNINITIALIZED_AUTOS = YES_AGGRESSIVE;
				GCC_WARN_UNUSED_FUNCTION = YES;
				GCC_WARN_UNUSED_VARIABLE = YES;
				IPHONEOS_DEPLOYMENT_TARGET = 16.4;
				MTL_ENABLE_DEBUG_INFO = INCLUDE_SOURCE;
				MTL_FAST_MATH = YES;
				ONLY_ACTIVE_ARCH = YES;
				SDKROOT = iphoneos;
				SWIFT_ACTIVE_COMPILATION_CONDITIONS = DEBUG;
				SWIFT_OPTIMIZATION_LEVEL = "-Onone";
			};
			name = Debug;
		};
		D8903EF12A827FBD0057BF9C /* Release */ = {
			isa = XCBuildConfiguration;
			buildSettings = {
				ALWAYS_SEARCH_USER_PATHS = NO;
				CLANG_ANALYZER_NONNULL = YES;
				CLANG_ANALYZER_NUMBER_OBJECT_CONVERSION = YES_AGGRESSIVE;
				CLANG_CXX_LANGUAGE_STANDARD = "gnu++20";
				CLANG_ENABLE_MODULES = YES;
				CLANG_ENABLE_OBJC_ARC = YES;
				CLANG_ENABLE_OBJC_WEAK = YES;
				CLANG_WARN_BLOCK_CAPTURE_AUTORELEASING = YES;
				CLANG_WARN_BOOL_CONVERSION = YES;
				CLANG_WARN_COMMA = YES;
				CLANG_WARN_CONSTANT_CONVERSION = YES;
				CLANG_WARN_DEPRECATED_OBJC_IMPLEMENTATIONS = YES;
				CLANG_WARN_DIRECT_OBJC_ISA_USAGE = YES_ERROR;
				CLANG_WARN_DOCUMENTATION_COMMENTS = YES;
				CLANG_WARN_EMPTY_BODY = YES;
				CLANG_WARN_ENUM_CONVERSION = YES;
				CLANG_WARN_INFINITE_RECURSION = YES;
				CLANG_WARN_INT_CONVERSION = YES;
				CLANG_WARN_NON_LITERAL_NULL_CONVERSION = YES;
				CLANG_WARN_OBJC_IMPLICIT_RETAIN_SELF = YES;
				CLANG_WARN_OBJC_LITERAL_CONVERSION = YES;
				CLANG_WARN_OBJC_ROOT_CLASS = YES_ERROR;
				CLANG_WARN_QUOTED_INCLUDE_IN_FRAMEWORK_HEADER = YES;
				CLANG_WARN_RANGE_LOOP_ANALYSIS = YES;
				CLANG_WARN_STRICT_PROTOTYPES = YES;
				CLANG_WARN_SUSPICIOUS_MOVE = YES;
				CLANG_WARN_UNGUARDED_AVAILABILITY = YES_AGGRESSIVE;
				CLANG_WARN_UNREACHABLE_CODE = YES;
				CLANG_WARN__DUPLICATE_METHOD_MATCH = YES;
				COPY_PHASE_STRIP = NO;
				DEBUG_INFORMATION_FORMAT = "dwarf-with-dsym";
				ENABLE_NS_ASSERTIONS = NO;
				ENABLE_STRICT_OBJC_MSGSEND = YES;
				GCC_C_LANGUAGE_STANDARD = gnu11;
				GCC_NO_COMMON_BLOCKS = YES;
				GCC_WARN_64_TO_32_BIT_CONVERSION = YES;
				GCC_WARN_ABOUT_RETURN_TYPE = YES_ERROR;
				GCC_WARN_UNDECLARED_SELECTOR = YES;
				GCC_WARN_UNINITIALIZED_AUTOS = YES_AGGRESSIVE;
				GCC_WARN_UNUSED_FUNCTION = YES;
				GCC_WARN_UNUSED_VARIABLE = YES;
				IPHONEOS_DEPLOYMENT_TARGET = 16.4;
				MTL_ENABLE_DEBUG_INFO = NO;
				MTL_FAST_MATH = YES;
				SDKROOT = iphoneos;
				SWIFT_COMPILATION_MODE = wholemodule;
				SWIFT_OPTIMIZATION_LEVEL = "-O";
				VALIDATE_PRODUCT = YES;
			};
			name = Release;
		};
		D8903EF32A827FBD0057BF9C /* Debug */ = {
			isa = XCBuildConfiguration;
			buildSettings = {
				ASSETCATALOG_COMPILER_APPICON_NAME = AppIcon;
				ASSETCATALOG_COMPILER_GLOBAL_ACCENT_COLOR_NAME = AccentColor;
				CODE_SIGN_STYLE = Automatic;
				CURRENT_PROJECT_VERSION = 1;
				DEVELOPMENT_ASSET_PATHS = "\"NewsListApp/Preview Content\"";
				DEVELOPMENT_TEAM = JPTEFF2RW3;
				ENABLE_PREVIEWS = YES;
				GENERATE_INFOPLIST_FILE = YES;
				INFOPLIST_KEY_UIApplicationSceneManifest_Generation = YES;
				INFOPLIST_KEY_UIApplicationSupportsIndirectInputEvents = YES;
				INFOPLIST_KEY_UILaunchScreen_Generation = YES;
				INFOPLIST_KEY_UISupportedInterfaceOrientations_iPad = "UIInterfaceOrientationPortrait UIInterfaceOrientationPortraitUpsideDown UIInterfaceOrientationLandscapeLeft UIInterfaceOrientationLandscapeRight";
				INFOPLIST_KEY_UISupportedInterfaceOrientations_iPhone = "UIInterfaceOrientationPortrait UIInterfaceOrientationLandscapeLeft UIInterfaceOrientationLandscapeRight";
				LD_RUNPATH_SEARCH_PATHS = (
					"$(inherited)",
					"@executable_path/Frameworks",
				);
				MARKETING_VERSION = 1.0;
				PRODUCT_BUNDLE_IDENTIFIER = nonAtomicFunk.NewsListApp;
				PRODUCT_NAME = "$(TARGET_NAME)";
				SWIFT_EMIT_LOC_STRINGS = YES;
				SWIFT_VERSION = 5.0;
				TARGETED_DEVICE_FAMILY = "1,2";
			};
			name = Debug;
		};
		D8903EF42A827FBD0057BF9C /* Release */ = {
			isa = XCBuildConfiguration;
			buildSettings = {
				ASSETCATALOG_COMPILER_APPICON_NAME = AppIcon;
				ASSETCATALOG_COMPILER_GLOBAL_ACCENT_COLOR_NAME = AccentColor;
				CODE_SIGN_STYLE = Automatic;
				CURRENT_PROJECT_VERSION = 1;
				DEVELOPMENT_ASSET_PATHS = "\"NewsListApp/Preview Content\"";
				DEVELOPMENT_TEAM = JPTEFF2RW3;
				ENABLE_PREVIEWS = YES;
				GENERATE_INFOPLIST_FILE = YES;
				INFOPLIST_KEY_UIApplicationSceneManifest_Generation = YES;
				INFOPLIST_KEY_UIApplicationSupportsIndirectInputEvents = YES;
				INFOPLIST_KEY_UILaunchScreen_Generation = YES;
				INFOPLIST_KEY_UISupportedInterfaceOrientations_iPad = "UIInterfaceOrientationPortrait UIInterfaceOrientationPortraitUpsideDown UIInterfaceOrientationLandscapeLeft UIInterfaceOrientationLandscapeRight";
				INFOPLIST_KEY_UISupportedInterfaceOrientations_iPhone = "UIInterfaceOrientationPortrait UIInterfaceOrientationLandscapeLeft UIInterfaceOrientationLandscapeRight";
				LD_RUNPATH_SEARCH_PATHS = (
					"$(inherited)",
					"@executable_path/Frameworks",
				);
				MARKETING_VERSION = 1.0;
				PRODUCT_BUNDLE_IDENTIFIER = nonAtomicFunk.NewsListApp;
				PRODUCT_NAME = "$(TARGET_NAME)";
				SWIFT_EMIT_LOC_STRINGS = YES;
				SWIFT_VERSION = 5.0;
				TARGETED_DEVICE_FAMILY = "1,2";
			};
			name = Release;
		};
/* End XCBuildConfiguration section */

/* Begin XCConfigurationList section */
		D8903EDA2A827FBB0057BF9C /* Build configuration list for PBXProject "NewsListApp" */ = {
			isa = XCConfigurationList;
			buildConfigurations = (
				D8903EF02A827FBD0057BF9C /* Debug */,
				D8903EF12A827FBD0057BF9C /* Release */,
			);
			defaultConfigurationIsVisible = 0;
			defaultConfigurationName = Release;
		};
		D8903EF22A827FBD0057BF9C /* Build configuration list for PBXNativeTarget "NewsListApp" */ = {
			isa = XCConfigurationList;
			buildConfigurations = (
				D8903EF32A827FBD0057BF9C /* Debug */,
				D8903EF42A827FBD0057BF9C /* Release */,
			);
			defaultConfigurationIsVisible = 0;
			defaultConfigurationName = Release;
		};
/* End XCConfigurationList section */

/* Begin XCVersionGroup section */
		D8903EED2A827FBD0057BF9C /* NewsListApp.xcdatamodeld */ = {
			isa = XCVersionGroup;
			children = (
				D8903EEE2A827FBD0057BF9C /* NewsListApp.xcdatamodel */,
			);
			currentVersion = D8903EEE2A827FBD0057BF9C /* NewsListApp.xcdatamodel */;
			path = NewsListApp.xcdatamodeld;
			sourceTree = "<group>";
			versionGroupType = wrapper.xcdatamodel;
		};
/* End XCVersionGroup section */
	};
	rootObject = D8903ED72A827FBB0057BF9C /* Project object */;
}
